
Microsoft Visual Studio Solution File, Format Version 12.00
# Visual Studio Version 16
VisualStudioVersion = 16.6.30114.105
MinimumVisualStudioVersion = 10.0.40219.1
Project("{FAE04EC0-301F-11D3-BF4B-00C04F79EFBC}") = "MusicAppApi", "MusicAppApi\MusicAppApi.csproj", "{B3E31CA9-3845-4930-A0F2-5FC13101303A}"
EndProject
Project("{FAE04EC0-301F-11D3-BF4B-00C04F79EFBC}") = "Astalavista.IntegrationTests", "Astalavista.IntegrationTests\Astalavista.IntegrationTests.csproj", "{51005852-44ED-482D-97DF-CA6921F6AA10}"
EndProject
Global
	GlobalSection(SolutionConfigurationPlatforms) = preSolution
		Debug|Any CPU = Debug|Any CPU
		Debug|x64 = Debug|x64
		Debug|x86 = Debug|x86
		Release|Any CPU = Release|Any CPU
		Release|x64 = Release|x64
		Release|x86 = Release|x86
	EndGlobalSection
	GlobalSection(SolutionProperties) = preSolution
		HideSolutionNode = FALSE
	EndGlobalSection
	GlobalSection(ProjectConfigurationPlatforms) = postSolution
		{B3E31CA9-3845-4930-A0F2-5FC13101303A}.Debug|Any CPU.ActiveCfg = Debug|Any CPU
		{B3E31CA9-3845-4930-A0F2-5FC13101303A}.Debug|Any CPU.Build.0 = Debug|Any CPU
		{B3E31CA9-3845-4930-A0F2-5FC13101303A}.Debug|x64.ActiveCfg = Debug|Any CPU
		{B3E31CA9-3845-4930-A0F2-5FC13101303A}.Debug|x64.Build.0 = Debug|Any CPU
		{B3E31CA9-3845-4930-A0F2-5FC13101303A}.Debug|x86.ActiveCfg = Debug|Any CPU
		{B3E31CA9-3845-4930-A0F2-5FC13101303A}.Debug|x86.Build.0 = Debug|Any CPU
		{B3E31CA9-3845-4930-A0F2-5FC13101303A}.Release|Any CPU.ActiveCfg = Release|Any CPU
		{B3E31CA9-3845-4930-A0F2-5FC13101303A}.Release|Any CPU.Build.0 = Release|Any CPU
		{B3E31CA9-3845-4930-A0F2-5FC13101303A}.Release|x64.ActiveCfg = Release|Any CPU
		{B3E31CA9-3845-4930-A0F2-5FC13101303A}.Release|x64.Build.0 = Release|Any CPU
		{B3E31CA9-3845-4930-A0F2-5FC13101303A}.Release|x86.ActiveCfg = Release|Any CPU
		{B3E31CA9-3845-4930-A0F2-5FC13101303A}.Release|x86.Build.0 = Release|Any CPU
		{51005852-44ED-482D-97DF-CA6921F6AA10}.Debug|Any CPU.ActiveCfg = Debug|Any CPU
		{51005852-44ED-482D-97DF-CA6921F6AA10}.Debug|Any CPU.Build.0 = Debug|Any CPU
		{51005852-44ED-482D-97DF-CA6921F6AA10}.Debug|x64.ActiveCfg = Debug|Any CPU
		{51005852-44ED-482D-97DF-CA6921F6AA10}.Debug|x64.Build.0 = Debug|Any CPU
		{51005852-44ED-482D-97DF-CA6921F6AA10}.Debug|x86.ActiveCfg = Debug|Any CPU
		{51005852-44ED-482D-97DF-CA6921F6AA10}.Debug|x86.Build.0 = Debug|Any CPU
		{51005852-44ED-482D-97DF-CA6921F6AA10}.Release|Any CPU.ActiveCfg = Release|Any CPU
		{51005852-44ED-482D-97DF-CA6921F6AA10}.Release|Any CPU.Build.0 = Release|Any CPU
		{51005852-44ED-482D-97DF-CA6921F6AA10}.Release|x64.ActiveCfg = Release|Any CPU
		{51005852-44ED-482D-97DF-CA6921F6AA10}.Release|x64.Build.0 = Release|Any CPU
		{51005852-44ED-482D-97DF-CA6921F6AA10}.Release|x86.ActiveCfg = Release|Any CPU
		{51005852-44ED-482D-97DF-CA6921F6AA10}.Release|x86.Build.0 = Release|Any CPU
	EndGlobalSection
EndGlobal
